// !$*UTF8*$!
{
	archiveVersion = 1;
	classes = {
	};
	objectVersion = 56;
	objects = {

/* Begin PBXBuildFile section */
		846DA00B293FDE06009E50EA /* ReminderViewController.swift in Sources */ = {isa = PBXBuildFile; fileRef = 846DA00A293FDE06009E50EA /* ReminderViewController.swift */; };
		846DA00D293FDEF2009E50EA /* MyReminder.swift in Sources */ = {isa = PBXBuildFile; fileRef = 846DA00C293FDEF2009E50EA /* MyReminder.swift */; };
		8491253E293D93CB00F55D76 /* AppDelegate.swift in Sources */ = {isa = PBXBuildFile; fileRef = 8491253D293D93CB00F55D76 /* AppDelegate.swift */; };
		84912540293D93CB00F55D76 /* SceneDelegate.swift in Sources */ = {isa = PBXBuildFile; fileRef = 8491253F293D93CB00F55D76 /* SceneDelegate.swift */; };
		84912545293D93CB00F55D76 /* Main.storyboard in Resources */ = {isa = PBXBuildFile; fileRef = 84912543293D93CB00F55D76 /* Main.storyboard */; };
		84912547293D93D000F55D76 /* Assets.xcassets in Resources */ = {isa = PBXBuildFile; fileRef = 84912546293D93D000F55D76 /* Assets.xcassets */; };
		8491254A293D93D000F55D76 /* LaunchScreen.storyboard in Resources */ = {isa = PBXBuildFile; fileRef = 84912548293D93D000F55D76 /* LaunchScreen.storyboard */; };
		84912554293D941100F55D76 /* Utilities.swift in Sources */ = {isa = PBXBuildFile; fileRef = 84912552293D940800F55D76 /* Utilities.swift */; };
		84912555293D941100F55D76 /* Protocols.swift in Sources */ = {isa = PBXBuildFile; fileRef = 84912553293D940800F55D76 /* Protocols.swift */; };
		84912558293D942A00F55D76 /* MenuOptionCell.swift in Sources */ = {isa = PBXBuildFile; fileRef = 84912557293D942A00F55D76 /* MenuOptionCell.swift */; };
		8491255C293D943700F55D76 /* Note.swift in Sources */ = {isa = PBXBuildFile; fileRef = 8491255A293D943700F55D76 /* Note.swift */; };
		8491255D293D943700F55D76 /* MenuOption.swift in Sources */ = {isa = PBXBuildFile; fileRef = 8491255B293D943700F55D76 /* MenuOption.swift */; };
		8491256B293D945000F55D76 /* SignUpViewController.swift in Sources */ = {isa = PBXBuildFile; fileRef = 8491255F293D944F00F55D76 /* SignUpViewController.swift */; };
		8491256C293D945000F55D76 /* ContainerController.swift in Sources */ = {isa = PBXBuildFile; fileRef = 84912560293D944F00F55D76 /* ContainerController.swift */; };
		8491256D293D945000F55D76 /* SettingViewController.swift in Sources */ = {isa = PBXBuildFile; fileRef = 84912561293D945000F55D76 /* SettingViewController.swift */; };
		8491256E293D945000F55D76 /* SettingCollectionViewController.swift in Sources */ = {isa = PBXBuildFile; fileRef = 84912562293D945000F55D76 /* SettingCollectionViewController.swift */; };
		8491256F293D945000F55D76 /* ViewController.swift in Sources */ = {isa = PBXBuildFile; fileRef = 84912563293D945000F55D76 /* ViewController.swift */; };
		84912570293D945000F55D76 /* HomeController.swift in Sources */ = {isa = PBXBuildFile; fileRef = 84912564293D945000F55D76 /* HomeController.swift */; };
		84912571293D945000F55D76 /* UpdateViewController.swift in Sources */ = {isa = PBXBuildFile; fileRef = 84912565293D945000F55D76 /* UpdateViewController.swift */; };
		84912572293D945000F55D76 /* CustomeTableViewCell.swift in Sources */ = {isa = PBXBuildFile; fileRef = 84912566293D945000F55D76 /* CustomeTableViewCell.swift */; };
		84912573293D945000F55D76 /* NoteViewController.swift in Sources */ = {isa = PBXBuildFile; fileRef = 84912567293D945000F55D76 /* NoteViewController.swift */; };
		84912574293D945000F55D76 /* LoginViewController.swift in Sources */ = {isa = PBXBuildFile; fileRef = 84912568293D945000F55D76 /* LoginViewController.swift */; };
		84912575293D945000F55D76 /* MenuController.swift in Sources */ = {isa = PBXBuildFile; fileRef = 84912569293D945000F55D76 /* MenuController.swift */; };
		84912576293D945000F55D76 /* PhotoCollectionViewCell.swift in Sources */ = {isa = PBXBuildFile; fileRef = 8491256A293D945000F55D76 /* PhotoCollectionViewCell.swift */; };
		84D87D70294C977900605593 /* ReminderAddController.swift in Sources */ = {isa = PBXBuildFile; fileRef = 84D87D6F294C977900605593 /* ReminderAddController.swift */; };
		84DFEB59293E963200AE240C /* GoogleService-Info.plist in Resources */ = {isa = PBXBuildFile; fileRef = 84DFEB58293E963200AE240C /* GoogleService-Info.plist */; };
		95BCE44C7EDF61B88781AD05 /* Pods_Google_Keep_Note_App.framework in Frameworks */ = {isa = PBXBuildFile; fileRef = F7A88D6A3BE2B9B6B0DB856D /* Pods_Google_Keep_Note_App.framework */; };
/* End PBXBuildFile section */

/* Begin PBXFileReference section */
		846DA00A293FDE06009E50EA /* ReminderViewController.swift */ = {isa = PBXFileReference; fileEncoding = 4; lastKnownFileType = sourcecode.swift; path = ReminderViewController.swift; sourceTree = "<group>"; };
		846DA00C293FDEF2009E50EA /* MyReminder.swift */ = {isa = PBXFileReference; fileEncoding = 4; lastKnownFileType = sourcecode.swift; path = MyReminder.swift; sourceTree = "<group>"; };
		8491253A293D93CB00F55D76 /* Google Keep Note App.app */ = {isa = PBXFileReference; explicitFileType = wrapper.application; includeInIndex = 0; path = "Google Keep Note App.app"; sourceTree = BUILT_PRODUCTS_DIR; };
		8491253D293D93CB00F55D76 /* AppDelegate.swift */ = {isa = PBXFileReference; lastKnownFileType = sourcecode.swift; path = AppDelegate.swift; sourceTree = "<group>"; };
		8491253F293D93CB00F55D76 /* SceneDelegate.swift */ = {isa = PBXFileReference; lastKnownFileType = sourcecode.swift; path = SceneDelegate.swift; sourceTree = "<group>"; };
		84912544293D93CB00F55D76 /* Base */ = {isa = PBXFileReference; lastKnownFileType = file.storyboard; name = Base; path = Base.lproj/Main.storyboard; sourceTree = "<group>"; };
		84912546293D93D000F55D76 /* Assets.xcassets */ = {isa = PBXFileReference; lastKnownFileType = folder.assetcatalog; path = Assets.xcassets; sourceTree = "<group>"; };
		84912549293D93D000F55D76 /* Base */ = {isa = PBXFileReference; lastKnownFileType = file.storyboard; name = Base; path = Base.lproj/LaunchScreen.storyboard; sourceTree = "<group>"; };
		8491254B293D93D000F55D76 /* Info.plist */ = {isa = PBXFileReference; lastKnownFileType = text.plist.xml; path = Info.plist; sourceTree = "<group>"; };
		84912552293D940800F55D76 /* Utilities.swift */ = {isa = PBXFileReference; fileEncoding = 4; lastKnownFileType = sourcecode.swift; path = Utilities.swift; sourceTree = "<group>"; };
		84912553293D940800F55D76 /* Protocols.swift */ = {isa = PBXFileReference; fileEncoding = 4; lastKnownFileType = sourcecode.swift; path = Protocols.swift; sourceTree = "<group>"; };
		84912557293D942A00F55D76 /* MenuOptionCell.swift */ = {isa = PBXFileReference; fileEncoding = 4; lastKnownFileType = sourcecode.swift; path = MenuOptionCell.swift; sourceTree = "<group>"; };
		8491255A293D943700F55D76 /* Note.swift */ = {isa = PBXFileReference; fileEncoding = 4; lastKnownFileType = sourcecode.swift; path = Note.swift; sourceTree = "<group>"; };
		8491255B293D943700F55D76 /* MenuOption.swift */ = {isa = PBXFileReference; fileEncoding = 4; lastKnownFileType = sourcecode.swift; path = MenuOption.swift; sourceTree = "<group>"; };
		8491255F293D944F00F55D76 /* SignUpViewController.swift */ = {isa = PBXFileReference; fileEncoding = 4; lastKnownFileType = sourcecode.swift; path = SignUpViewController.swift; sourceTree = "<group>"; };
		84912560293D944F00F55D76 /* ContainerController.swift */ = {isa = PBXFileReference; fileEncoding = 4; lastKnownFileType = sourcecode.swift; path = ContainerController.swift; sourceTree = "<group>"; };
		84912561293D945000F55D76 /* SettingViewController.swift */ = {isa = PBXFileReference; fileEncoding = 4; lastKnownFileType = sourcecode.swift; path = SettingViewController.swift; sourceTree = "<group>"; };
		84912562293D945000F55D76 /* SettingCollectionViewController.swift */ = {isa = PBXFileReference; fileEncoding = 4; lastKnownFileType = sourcecode.swift; path = SettingCollectionViewController.swift; sourceTree = "<group>"; };
		84912563293D945000F55D76 /* ViewController.swift */ = {isa = PBXFileReference; fileEncoding = 4; lastKnownFileType = sourcecode.swift; path = ViewController.swift; sourceTree = "<group>"; };
		84912564293D945000F55D76 /* HomeController.swift */ = {isa = PBXFileReference; fileEncoding = 4; lastKnownFileType = sourcecode.swift; path = HomeController.swift; sourceTree = "<group>"; };
		84912565293D945000F55D76 /* UpdateViewController.swift */ = {isa = PBXFileReference; fileEncoding = 4; lastKnownFileType = sourcecode.swift; path = UpdateViewController.swift; sourceTree = "<group>"; };
		84912566293D945000F55D76 /* CustomeTableViewCell.swift */ = {isa = PBXFileReference; fileEncoding = 4; lastKnownFileType = sourcecode.swift; path = CustomeTableViewCell.swift; sourceTree = "<group>"; };
		84912567293D945000F55D76 /* NoteViewController.swift */ = {isa = PBXFileReference; fileEncoding = 4; lastKnownFileType = sourcecode.swift; path = NoteViewController.swift; sourceTree = "<group>"; };
		84912568293D945000F55D76 /* LoginViewController.swift */ = {isa = PBXFileReference; fileEncoding = 4; lastKnownFileType = sourcecode.swift; path = LoginViewController.swift; sourceTree = "<group>"; };
		84912569293D945000F55D76 /* MenuController.swift */ = {isa = PBXFileReference; fileEncoding = 4; lastKnownFileType = sourcecode.swift; path = MenuController.swift; sourceTree = "<group>"; };
		8491256A293D945000F55D76 /* PhotoCollectionViewCell.swift */ = {isa = PBXFileReference; fileEncoding = 4; lastKnownFileType = sourcecode.swift; path = PhotoCollectionViewCell.swift; sourceTree = "<group>"; };
		84D87D6F294C977900605593 /* ReminderAddController.swift */ = {isa = PBXFileReference; lastKnownFileType = sourcecode.swift; path = ReminderAddController.swift; sourceTree = "<group>"; };
		84DFEB58293E963200AE240C /* GoogleService-Info.plist */ = {isa = PBXFileReference; fileEncoding = 4; lastKnownFileType = text.plist.xml; path = "GoogleService-Info.plist"; sourceTree = "<group>"; };
		C0453EE549D9091C850B5C50 /* Pods-Google Keep Note App.debug.xcconfig */ = {isa = PBXFileReference; includeInIndex = 1; lastKnownFileType = text.xcconfig; name = "Pods-Google Keep Note App.debug.xcconfig"; path = "Target Support Files/Pods-Google Keep Note App/Pods-Google Keep Note App.debug.xcconfig"; sourceTree = "<group>"; };
		F7A88D6A3BE2B9B6B0DB856D /* Pods_Google_Keep_Note_App.framework */ = {isa = PBXFileReference; explicitFileType = wrapper.framework; includeInIndex = 0; path = Pods_Google_Keep_Note_App.framework; sourceTree = BUILT_PRODUCTS_DIR; };
		FDEE07F8409A4A12279C3C80 /* Pods-Google Keep Note App.release.xcconfig */ = {isa = PBXFileReference; includeInIndex = 1; lastKnownFileType = text.xcconfig; name = "Pods-Google Keep Note App.release.xcconfig"; path = "Target Support Files/Pods-Google Keep Note App/Pods-Google Keep Note App.release.xcconfig"; sourceTree = "<group>"; };
/* End PBXFileReference section */

/* Begin PBXFrameworksBuildPhase section */
		84912537293D93CB00F55D76 /* Frameworks */ = {
			isa = PBXFrameworksBuildPhase;
			buildActionMask = 2147483647;
			files = (
				95BCE44C7EDF61B88781AD05 /* Pods_Google_Keep_Note_App.framework in Frameworks */,
			);
			runOnlyForDeploymentPostprocessing = 0;
		};
/* End PBXFrameworksBuildPhase section */

/* Begin PBXGroup section */
		28C592AE601434DEFD01347B /* Pods */ = {
			isa = PBXGroup;
			children = (
				C0453EE549D9091C850B5C50 /* Pods-Google Keep Note App.debug.xcconfig */,
				FDEE07F8409A4A12279C3C80 /* Pods-Google Keep Note App.release.xcconfig */,
			);
			path = Pods;
			sourceTree = "<group>";
		};
		84912531293D93CB00F55D76 = {
			isa = PBXGroup;
			children = (
				8491253C293D93CB00F55D76 /* Google Keep Note App */,
				8491253B293D93CB00F55D76 /* Products */,
				28C592AE601434DEFD01347B /* Pods */,
				85BC8BFF44B2DA107451DDA5 /* Frameworks */,
			);
			sourceTree = "<group>";
		};
		8491253B293D93CB00F55D76 /* Products */ = {
			isa = PBXGroup;
			children = (
				8491253A293D93CB00F55D76 /* Google Keep Note App.app */,
			);
			name = Products;
			sourceTree = "<group>";
		};
		8491253C293D93CB00F55D76 /* Google Keep Note App */ = {
			isa = PBXGroup;
			children = (
				8491253D293D93CB00F55D76 /* AppDelegate.swift */,
				8491253F293D93CB00F55D76 /* SceneDelegate.swift */,
				84912551293D940800F55D76 /* Helpers */,
				84912556293D942A00F55D76 /* view */,
				84912559293D943700F55D76 /* model */,
				8491255E293D944F00F55D76 /* View Controller */,
				84912543293D93CB00F55D76 /* Main.storyboard */,
				84912546293D93D000F55D76 /* Assets.xcassets */,
				84912548293D93D000F55D76 /* LaunchScreen.storyboard */,
				8491254B293D93D000F55D76 /* Info.plist */,
				84DFEB58293E963200AE240C /* GoogleService-Info.plist */,
			);
			path = "Google Keep Note App";
			sourceTree = "<group>";
		};
		84912551293D940800F55D76 /* Helpers */ = {
			isa = PBXGroup;
			children = (
				84912552293D940800F55D76 /* Utilities.swift */,
				84912553293D940800F55D76 /* Protocols.swift */,
			);
			path = Helpers;
			sourceTree = "<group>";
		};
		84912556293D942A00F55D76 /* view */ = {
			isa = PBXGroup;
			children = (
				84912557293D942A00F55D76 /* MenuOptionCell.swift */,
				8491256A293D945000F55D76 /* PhotoCollectionViewCell.swift */,
				84912566293D945000F55D76 /* CustomeTableViewCell.swift */,
			);
			path = view;
			sourceTree = "<group>";
		};
		84912559293D943700F55D76 /* model */ = {
			isa = PBXGroup;
			children = (
				8491255A293D943700F55D76 /* Note.swift */,
				8491255B293D943700F55D76 /* MenuOption.swift */,
				846DA00C293FDEF2009E50EA /* MyReminder.swift */,
			);
			path = model;
			sourceTree = "<group>";
		};
		8491255E293D944F00F55D76 /* View Controller */ = {
			isa = PBXGroup;
			children = (
				84912563293D945000F55D76 /* ViewController.swift */,
				84912568293D945000F55D76 /* LoginViewController.swift */,
				8491255F293D944F00F55D76 /* SignUpViewController.swift */,
				84912560293D944F00F55D76 /* ContainerController.swift */,
				84912564293D945000F55D76 /* HomeController.swift */,
				84912565293D945000F55D76 /* UpdateViewController.swift */,
				84912567293D945000F55D76 /* NoteViewController.swift */,
				84912569293D945000F55D76 /* MenuController.swift */,
				846DA00A293FDE06009E50EA /* ReminderViewController.swift */,
				84D87D6F294C977900605593 /* ReminderAddController.swift */,
				84912561293D945000F55D76 /* SettingViewController.swift */,
				84912562293D945000F55D76 /* SettingCollectionViewController.swift */,
			);
			path = "View Controller";
			sourceTree = "<group>";
		};
		85BC8BFF44B2DA107451DDA5 /* Frameworks */ = {
			isa = PBXGroup;
			children = (
				F7A88D6A3BE2B9B6B0DB856D /* Pods_Google_Keep_Note_App.framework */,
			);
			name = Frameworks;
			sourceTree = "<group>";
		};
/* End PBXGroup section */

/* Begin PBXNativeTarget section */
		84912539293D93CB00F55D76 /* Google Keep Note App */ = {
			isa = PBXNativeTarget;
			buildConfigurationList = 8491254E293D93D000F55D76 /* Build configuration list for PBXNativeTarget "Google Keep Note App" */;
			buildPhases = (
				6ED5F447087B1DEA275DCDF4 /* [CP] Check Pods Manifest.lock */,
				84912536293D93CB00F55D76 /* Sources */,
				84912537293D93CB00F55D76 /* Frameworks */,
				84912538293D93CB00F55D76 /* Resources */,
				4D35179A4860D89B723BC61E /* [CP] Embed Pods Frameworks */,
			);
			buildRules = (
			);
			dependencies = (
			);
			name = "Google Keep Note App";
			productName = "Google Keep Note App";
			productReference = 8491253A293D93CB00F55D76 /* Google Keep Note App.app */;
			productType = "com.apple.product-type.application";
		};
/* End PBXNativeTarget section */

/* Begin PBXProject section */
		84912532293D93CB00F55D76 /* Project object */ = {
			isa = PBXProject;
			attributes = {
				BuildIndependentTargetsInParallel = 1;
				LastSwiftUpdateCheck = 1400;
				LastUpgradeCheck = 1400;
				TargetAttributes = {
					84912539293D93CB00F55D76 = {
						CreatedOnToolsVersion = 14.0.1;
					};
				};
			};
			buildConfigurationList = 84912535293D93CB00F55D76 /* Build configuration list for PBXProject "Google Keep Note App" */;
			compatibilityVersion = "Xcode 14.0";
			developmentRegion = en;
			hasScannedForEncodings = 0;
			knownRegions = (
				en,
				Base,
			);
			mainGroup = 84912531293D93CB00F55D76;
			productRefGroup = 8491253B293D93CB00F55D76 /* Products */;
			projectDirPath = "";
			projectRoot = "";
			targets = (
				84912539293D93CB00F55D76 /* Google Keep Note App */,
			);
		};
/* End PBXProject section */

/* Begin PBXResourcesBuildPhase section */
		84912538293D93CB00F55D76 /* Resources */ = {
			isa = PBXResourcesBuildPhase;
			buildActionMask = 2147483647;
			files = (
				8491254A293D93D000F55D76 /* LaunchScreen.storyboard in Resources */,
				84DFEB59293E963200AE240C /* GoogleService-Info.plist in Resources */,
				84912547293D93D000F55D76 /* Assets.xcassets in Resources */,
				84912545293D93CB00F55D76 /* Main.storyboard in Resources */,
			);
			runOnlyForDeploymentPostprocessing = 0;
		};
/* End PBXResourcesBuildPhase section */

/* Begin PBXShellScriptBuildPhase section */
		4D35179A4860D89B723BC61E /* [CP] Embed Pods Frameworks */ = {
			isa = PBXShellScriptBuildPhase;
			buildActionMask = 2147483647;
			files = (
			);
			inputFileListPaths = (
				"${PODS_ROOT}/Target Support Files/Pods-Google Keep Note App/Pods-Google Keep Note App-frameworks-${CONFIGURATION}-input-files.xcfilelist",
			);
			name = "[CP] Embed Pods Frameworks";
			outputFileListPaths = (
				"${PODS_ROOT}/Target Support Files/Pods-Google Keep Note App/Pods-Google Keep Note App-frameworks-${CONFIGURATION}-output-files.xcfilelist",
			);
			runOnlyForDeploymentPostprocessing = 0;
			shellPath = /bin/sh;
			shellScript = "\"${PODS_ROOT}/Target Support Files/Pods-Google Keep Note App/Pods-Google Keep Note App-frameworks.sh\"\n";
			showEnvVarsInLog = 0;
		};
		6ED5F447087B1DEA275DCDF4 /* [CP] Check Pods Manifest.lock */ = {
			isa = PBXShellScriptBuildPhase;
			buildActionMask = 2147483647;
			files = (
			);
			inputFileListPaths = (
			);
			inputPaths = (
				"${PODS_PODFILE_DIR_PATH}/Podfile.lock",
				"${PODS_ROOT}/Manifest.lock",
			);
			name = "[CP] Check Pods Manifest.lock";
			outputFileListPaths = (
			);
			outputPaths = (
				"$(DERIVED_FILE_DIR)/Pods-Google Keep Note App-checkManifestLockResult.txt",
			);
			runOnlyForDeploymentPostprocessing = 0;
			shellPath = /bin/sh;
			shellScript = "diff \"${PODS_PODFILE_DIR_PATH}/Podfile.lock\" \"${PODS_ROOT}/Manifest.lock\" > /dev/null\nif [ $? != 0 ] ; then\n    # print error to STDERR\n    echo \"error: The sandbox is not in sync with the Podfile.lock. Run 'pod install' or update your CocoaPods installation.\" >&2\n    exit 1\nfi\n# This output is used by Xcode 'outputs' to avoid re-running this script phase.\necho \"SUCCESS\" > \"${SCRIPT_OUTPUT_FILE_0}\"\n";
			showEnvVarsInLog = 0;
		};
/* End PBXShellScriptBuildPhase section */

/* Begin PBXSourcesBuildPhase section */
		84912536293D93CB00F55D76 /* Sources */ = {
			isa = PBXSourcesBuildPhase;
			buildActionMask = 2147483647;
			files = (
				84912574293D945000F55D76 /* LoginViewController.swift in Sources */,
				84912576293D945000F55D76 /* PhotoCollectionViewCell.swift in Sources */,
				84912555293D941100F55D76 /* Protocols.swift in Sources */,
				8491256D293D945000F55D76 /* SettingViewController.swift in Sources */,
				84912570293D945000F55D76 /* HomeController.swift in Sources */,
				84D87D70294C977900605593 /* ReminderAddController.swift in Sources */,
				84912575293D945000F55D76 /* MenuController.swift in Sources */,
				8491256C293D945000F55D76 /* ContainerController.swift in Sources */,
				8491255D293D943700F55D76 /* MenuOption.swift in Sources */,
				84912558293D942A00F55D76 /* MenuOptionCell.swift in Sources */,
				8491255C293D943700F55D76 /* Note.swift in Sources */,
				846DA00D293FDEF2009E50EA /* MyReminder.swift in Sources */,
				84912572293D945000F55D76 /* CustomeTableViewCell.swift in Sources */,
				84912573293D945000F55D76 /* NoteViewController.swift in Sources */,
				846DA00B293FDE06009E50EA /* ReminderViewController.swift in Sources */,
				8491253E293D93CB00F55D76 /* AppDelegate.swift in Sources */,
				8491256F293D945000F55D76 /* ViewController.swift in Sources */,
				8491256B293D945000F55D76 /* SignUpViewController.swift in Sources */,
				8491256E293D945000F55D76 /* SettingCollectionViewController.swift in Sources */,
				84912554293D941100F55D76 /* Utilities.swift in Sources */,
				84912540293D93CB00F55D76 /* SceneDelegate.swift in Sources */,
				84912571293D945000F55D76 /* UpdateViewController.swift in Sources */,
			);
			runOnlyForDeploymentPostprocessing = 0;
		};
/* End PBXSourcesBuildPhase section */

/* Begin PBXVariantGroup section */
		84912543293D93CB00F55D76 /* Main.storyboard */ = {
			isa = PBXVariantGroup;
			children = (
				84912544293D93CB00F55D76 /* Base */,
			);
			name = Main.storyboard;
			sourceTree = "<group>";
		};
		84912548293D93D000F55D76 /* LaunchScreen.storyboard */ = {
			isa = PBXVariantGroup;
			children = (
				84912549293D93D000F55D76 /* Base */,
			);
			name = LaunchScreen.storyboard;
			sourceTree = "<group>";
		};
/* End PBXVariantGroup section */

/* Begin XCBuildConfiguration section */
		8491254C293D93D000F55D76 /* Debug */ = {
			isa = XCBuildConfiguration;
			buildSettings = {
				ALWAYS_SEARCH_USER_PATHS = NO;
				CLANG_ANALYZER_NONNULL = YES;
				CLANG_ANALYZER_NUMBER_OBJECT_CONVERSION = YES_AGGRESSIVE;
				CLANG_CXX_LANGUAGE_STANDARD = "gnu++20";
				CLANG_ENABLE_MODULES = YES;
				CLANG_ENABLE_OBJC_ARC = YES;
				CLANG_ENABLE_OBJC_WEAK = YES;
				CLANG_WARN_BLOCK_CAPTURE_AUTORELEASING = YES;
				CLANG_WARN_BOOL_CONVERSION = YES;
				CLANG_WARN_COMMA = YES;
				CLANG_WARN_CONSTANT_CONVERSION = YES;
				CLANG_WARN_DEPRECATED_OBJC_IMPLEMENTATIONS = YES;
				CLANG_WARN_DIRECT_OBJC_ISA_USAGE = YES_ERROR;
				CLANG_WARN_DOCUMENTATION_COMMENTS = YES;
				CLANG_WARN_EMPTY_BODY = YES;
				CLANG_WARN_ENUM_CONVERSION = YES;
				CLANG_WARN_INFINITE_RECURSION = YES;
				CLANG_WARN_INT_CONVERSION = YES;
				CLANG_WARN_NON_LITERAL_NULL_CONVERSION = YES;
				CLANG_WARN_OBJC_IMPLICIT_RETAIN_SELF = YES;
				CLANG_WARN_OBJC_LITERAL_CONVERSION = YES;
				CLANG_WARN_OBJC_ROOT_CLASS = YES_ERROR;
				CLANG_WARN_QUOTED_INCLUDE_IN_FRAMEWORK_HEADER = YES;
				CLANG_WARN_RANGE_LOOP_ANALYSIS = YES;
				CLANG_WARN_STRICT_PROTOTYPES = YES;
				CLANG_WARN_SUSPICIOUS_MOVE = YES;
				CLANG_WARN_UNGUARDED_AVAILABILITY = YES_AGGRESSIVE;
				CLANG_WARN_UNREACHABLE_CODE = YES;
				CLANG_WARN__DUPLICATE_METHOD_MATCH = YES;
				COPY_PHASE_STRIP = NO;
				DEBUG_INFORMATION_FORMAT = dwarf;
				ENABLE_STRICT_OBJC_MSGSEND = YES;
				ENABLE_TESTABILITY = YES;
				GCC_C_LANGUAGE_STANDARD = gnu11;
				GCC_DYNAMIC_NO_PIC = NO;
				GCC_NO_COMMON_BLOCKS = YES;
				GCC_OPTIMIZATION_LEVEL = 0;
				GCC_PREPROCESSOR_DEFINITIONS = (
					"DEBUG=1",
					"$(inherited)",
				);
				GCC_WARN_64_TO_32_BIT_CONVERSION = YES;
				GCC_WARN_ABOUT_RETURN_TYPE = YES_ERROR;
				GCC_WARN_UNDECLARED_SELECTOR = YES;
				GCC_WARN_UNINITIALIZED_AUTOS = YES_AGGRESSIVE;
				GCC_WARN_UNUSED_FUNCTION = YES;
				GCC_WARN_UNUSED_VARIABLE = YES;
				IPHONEOS_DEPLOYMENT_TARGET = 16.0;
				MTL_ENABLE_DEBUG_INFO = INCLUDE_SOURCE;
				MTL_FAST_MATH = YES;
				ONLY_ACTIVE_ARCH = YES;
				SDKROOT = iphoneos;
				SWIFT_ACTIVE_COMPILATION_CONDITIONS = DEBUG;
				SWIFT_OPTIMIZATION_LEVEL = "-Onone";
			};
			name = Debug;
		};
		8491254D293D93D000F55D76 /* Release */ = {
			isa = XCBuildConfiguration;
			buildSettings = {
				ALWAYS_SEARCH_USER_PATHS = NO;
				CLANG_ANALYZER_NONNULL = YES;
				CLANG_ANALYZER_NUMBER_OBJECT_CONVERSION = YES_AGGRESSIVE;
				CLANG_CXX_LANGUAGE_STANDARD = "gnu++20";
				CLANG_ENABLE_MODULES = YES;
				CLANG_ENABLE_OBJC_ARC = YES;
				CLANG_ENABLE_OBJC_WEAK = YES;
				CLANG_WARN_BLOCK_CAPTURE_AUTORELEASING = YES;
				CLANG_WARN_BOOL_CONVERSION = YES;
				CLANG_WARN_COMMA = YES;
				CLANG_WARN_CONSTANT_CONVERSION = YES;
				CLANG_WARN_DEPRECATED_OBJC_IMPLEMENTATIONS = YES;
				CLANG_WARN_DIRECT_OBJC_ISA_USAGE = YES_ERROR;
				CLANG_WARN_DOCUMENTATION_COMMENTS = YES;
				CLANG_WARN_EMPTY_BODY = YES;
				CLANG_WARN_ENUM_CONVERSION = YES;
				CLANG_WARN_INFINITE_RECURSION = YES;
				CLANG_WARN_INT_CONVERSION = YES;
				CLANG_WARN_NON_LITERAL_NULL_CONVERSION = YES;
				CLANG_WARN_OBJC_IMPLICIT_RETAIN_SELF = YES;
				CLANG_WARN_OBJC_LITERAL_CONVERSION = YES;
				CLANG_WARN_OBJC_ROOT_CLASS = YES_ERROR;
				CLANG_WARN_QUOTED_INCLUDE_IN_FRAMEWORK_HEADER = YES;
				CLANG_WARN_RANGE_LOOP_ANALYSIS = YES;
				CLANG_WARN_STRICT_PROTOTYPES = YES;
				CLANG_WARN_SUSPICIOUS_MOVE = YES;
				CLANG_WARN_UNGUARDED_AVAILABILITY = YES_AGGRESSIVE;
				CLANG_WARN_UNREACHABLE_CODE = YES;
				CLANG_WARN__DUPLICATE_METHOD_MATCH = YES;
				COPY_PHASE_STRIP = NO;
				DEBUG_INFORMATION_FORMAT = "dwarf-with-dsym";
				ENABLE_NS_ASSERTIONS = NO;
				ENABLE_STRICT_OBJC_MSGSEND = YES;
				GCC_C_LANGUAGE_STANDARD = gnu11;
				GCC_NO_COMMON_BLOCKS = YES;
				GCC_WARN_64_TO_32_BIT_CONVERSION = YES;
				GCC_WARN_ABOUT_RETURN_TYPE = YES_ERROR;
				GCC_WARN_UNDECLARED_SELECTOR = YES;
				GCC_WARN_UNINITIALIZED_AUTOS = YES_AGGRESSIVE;
				GCC_WARN_UNUSED_FUNCTION = YES;
				GCC_WARN_UNUSED_VARIABLE = YES;
				IPHONEOS_DEPLOYMENT_TARGET = 16.0;
				MTL_ENABLE_DEBUG_INFO = NO;
				MTL_FAST_MATH = YES;
				SDKROOT = iphoneos;
				SWIFT_COMPILATION_MODE = wholemodule;
				SWIFT_OPTIMIZATION_LEVEL = "-O";
				VALIDATE_PRODUCT = YES;
			};
			name = Release;
		};
		8491254F293D93D000F55D76 /* Debug */ = {
			isa = XCBuildConfiguration;
			baseConfigurationReference = C0453EE549D9091C850B5C50 /* Pods-Google Keep Note App.debug.xcconfig */;
			buildSettings = {
				ASSETCATALOG_COMPILER_APPICON_NAME = AppIcon;
				ASSETCATALOG_COMPILER_GLOBAL_ACCENT_COLOR_NAME = AccentColor;
				CODE_SIGN_STYLE = Automatic;
				CURRENT_PROJECT_VERSION = 1;
				GENERATE_INFOPLIST_FILE = YES;
				INFOPLIST_FILE = "Google Keep Note App/Info.plist";
				INFOPLIST_KEY_UIApplicationSupportsIndirectInputEvents = YES;
				INFOPLIST_KEY_UILaunchStoryboardName = LaunchScreen;
				INFOPLIST_KEY_UIMainStoryboardFile = Main;
				INFOPLIST_KEY_UISupportedInterfaceOrientations_iPad = "UIInterfaceOrientationPortrait UIInterfaceOrientationPortraitUpsideDown UIInterfaceOrientationLandscapeLeft UIInterfaceOrientationLandscapeRight";
				INFOPLIST_KEY_UISupportedInterfaceOrientations_iPhone = "UIInterfaceOrientationPortrait UIInterfaceOrientationLandscapeLeft UIInterfaceOrientationLandscapeRight";
				LD_RUNPATH_SEARCH_PATHS = (
					"$(inherited)",
					"@executable_path/Frameworks",
				);
				MARKETING_VERSION = 1.0;
				PRODUCT_BUNDLE_IDENTIFIER = "com.bridgelabz.Google-Keep-Note-App";
				PRODUCT_NAME = "$(TARGET_NAME)";
				SWIFT_EMIT_LOC_STRINGS = YES;
				SWIFT_VERSION = 5.0;
				TARGETED_DEVICE_FAMILY = "1,2";
			};
			name = Debug;
		};
		84912550293D93D000F55D76 /* Release */ = {
			isa = XCBuildConfiguration;
			baseConfigurationReference = FDEE07F8409A4A12279C3C80 /* Pods-Google Keep Note App.release.xcconfig */;
			buildSettings = {
				ASSETCATALOG_COMPILER_APPICON_NAME = AppIcon;
				ASSETCATALOG_COMPILER_GLOBAL_ACCENT_COLOR_NAME = AccentColor;
				CODE_SIGN_STYLE = Automatic;
				CURRENT_PROJECT_VERSION = 1;
				GENERATE_INFOPLIST_FILE = YES;
				INFOPLIST_FILE = "Google Keep Note App/Info.plist";
				INFOPLIST_KEY_UIApplicationSupportsIndirectInputEvents = YES;
				INFOPLIST_KEY_UILaunchStoryboardName = LaunchScreen;
				INFOPLIST_KEY_UIMainStoryboardFile = Main;
				INFOPLIST_KEY_UISupportedInterfaceOrientations_iPad = "UIInterfaceOrientationPortrait UIInterfaceOrientationPortraitUpsideDown UIInterfaceOrientationLandscapeLeft UIInterfaceOrientationLandscapeRight";
				INFOPLIST_KEY_UISupportedInterfaceOrientations_iPhone = "UIInterfaceOrientationPortrait UIInterfaceOrientationLandscapeLeft UIInterfaceOrientationLandscapeRight";
				LD_RUNPATH_SEARCH_PATHS = (
					"$(inherited)",
					"@executable_path/Frameworks",
				);
				MARKETING_VERSION = 1.0;
				PRODUCT_BUNDLE_IDENTIFIER = "com.bridgelabz.Google-Keep-Note-App";
				PRODUCT_NAME = "$(TARGET_NAME)";
				SWIFT_EMIT_LOC_STRINGS = YES;
				SWIFT_VERSION = 5.0;
				TARGETED_DEVICE_FAMILY = "1,2";
			};
			name = Release;
		};
/* End XCBuildConfiguration section */

/* Begin XCConfigurationList section */
		84912535293D93CB00F55D76 /* Build configuration list for PBXProject "Google Keep Note App" */ = {
			isa = XCConfigurationList;
			buildConfigurations = (
				8491254C293D93D000F55D76 /* Debug */,
				8491254D293D93D000F55D76 /* Release */,
			);
			defaultConfigurationIsVisible = 0;
			defaultConfigurationName = Release;
		};
		8491254E293D93D000F55D76 /* Build configuration list for PBXNativeTarget "Google Keep Note App" */ = {
			isa = XCConfigurationList;
			buildConfigurations = (
				8491254F293D93D000F55D76 /* Debug */,
				84912550293D93D000F55D76 /* Release */,
			);
			defaultConfigurationIsVisible = 0;
			defaultConfigurationName = Release;
		};
/* End XCConfigurationList section */
	};
	rootObject = 84912532293D93CB00F55D76 /* Project object */;
}
